
Microsoft Visual Studio Solution File, Format Version 12.00
# Visual Studio Version 17
VisualStudioVersion = 17.0.31903.59
MinimumVisualStudioVersion = 10.0.40219.1
Project("{FAE04EC0-301F-11D3-BF4B-00C04F79EFBC}") = "VibeCode", "VibeCode\VibeCode.csproj", "{74848606-BC25-4A27-8008-AF8F5A956329}"
EndProject
Project("{FAE04EC0-301F-11D3-BF4B-00C04F79EFBC}") = "VibeCode.Tests", "VibeCode.Tests\VibeCode.Tests.csproj", "{1778D9B6-5AC9-4744-9C25-DDCB73B06C95}"
EndProject
Global
	GlobalSection(SolutionConfigurationPlatforms) = preSolution
		Debug|Any CPU = Debug|Any CPU
		Release|Any CPU = Release|Any CPU
	EndGlobalSection
	GlobalSection(SolutionProperties) = preSolution
		HideSolutionNode = FALSE
	EndGlobalSection
	GlobalSection(ProjectConfigurationPlatforms) = postSolution
		{74848606-BC25-4A27-8008-AF8F5A956329}.Debug|Any CPU.ActiveCfg = Debug|Any CPU
		{74848606-BC25-4A27-8008-AF8F5A956329}.Debug|Any CPU.Build.0 = Debug|Any CPU
		{74848606-BC25-4A27-8008-AF8F5A956329}.Release|Any CPU.ActiveCfg = Release|Any CPU
		{74848606-BC25-4A27-8008-AF8F5A956329}.Release|Any CPU.Build.0 = Release|Any CPU
		{1778D9B6-5AC9-4744-9C25-DDCB73B06C95}.Debug|Any CPU.ActiveCfg = Debug|Any CPU
		{1778D9B6-5AC9-4744-9C25-DDCB73B06C95}.Debug|Any CPU.Build.0 = Debug|Any CPU
		{1778D9B6-5AC9-4744-9C25-DDCB73B06C95}.Release|Any CPU.ActiveCfg = Release|Any CPU
		{1778D9B6-5AC9-4744-9C25-DDCB73B06C95}.Release|Any CPU.Build.0 = Release|Any CPU
	EndGlobalSection
EndGlobal
